# This file is autogenerated, do not edit; changes may be undone by the next 'dep ensure'.


[[projects]]
  name = "github.com/SermoDigital/jose"
  packages = [".","crypto","jws","jwt"]
  revision = "f6df55f235c24f236d11dbcf665249a59ac2021f"
  version = "1.1"

[[projects]]
  branch = "master"
  name = "github.com/building-microservices-with-go/crypto"
  packages = ["."]
  revision = "cae678b27ebacf495e6e0f638740de244839fd90"

[solve-meta]
  analyzer-name = "dep"
  analyzer-version = 1
  inputs-digest = "31dc73c982f24d98342579f2d5dadffbe05614d531e5875f183fad5440fce7e2"
  solver-name = "gps-cdcl"
  solver-version = 1
